
Microsoft Visual Studio Solution File, Format Version 12.00
# Visual Studio Version 17
VisualStudioVersion = 17.13.35913.81
MinimumVisualStudioVersion = 10.0.40219.1
Project("{8BC9CEB8-8B4A-11D0-8D11-00A0C91BC942}") = "Bai01", "Bai01\Bai01.vcxproj", "{AFAEBE3E-1C37-4BEB-A4EB-AB77BEEB6AD7}"
EndProject
Project("{8BC9CEB8-8B4A-11D0-8D11-00A0C91BC942}") = "Bai02", "Bai02\Bai02.vcxproj", "{FB2970AE-3651-4C1D-843F-F1E7A2AF4B7D}"
EndProject
Project("{8BC9CEB8-8B4A-11D0-8D11-00A0C91BC942}") = "Bai03", "Bai03\Bai03.vcxproj", "{8FEEB00B-9A1D-4B21-ADA0-6F3133ED67E2}"
EndProject
Project("{8BC9CEB8-8B4A-11D0-8D11-00A0C91BC942}") = "Bai04", "Bai04\Bai04.vcxproj", "{65326EFD-ADE0-48FD-9870-F883C0178EBA}"
EndProject
Project("{8BC9CEB8-8B4A-11D0-8D11-00A0C91BC942}") = "Bai05", "Bai05\Bai05.vcxproj", "{44F848E1-4C41-41C5-BC75-1D7F292E12F8}"
EndProject
Project("{8BC9CEB8-8B4A-11D0-8D11-00A0C91BC942}") = "Bai06", "Bai06\Bai06.vcxproj", "{ED4E0824-7685-4306-9298-FBE1329151D1}"
EndProject
Project("{8BC9CEB8-8B4A-11D0-8D11-00A0C91BC942}") = "Bai07", "Bai07\Bai07.vcxproj", "{9FEA49F8-B3C6-4A2A-A043-B29F2956774E}"
EndProject
Project("{8BC9CEB8-8B4A-11D0-8D11-00A0C91BC942}") = "Bai08", "Bai08\Bai08.vcxproj", "{A2166C80-0C2C-4B33-B541-833439A905BE}"
EndProject
Global
	GlobalSection(SolutionConfigurationPlatforms) = preSolution
		Debug|x64 = Debug|x64
		Debug|x86 = Debug|x86
		Release|x64 = Release|x64
		Release|x86 = Release|x86
	EndGlobalSection
	GlobalSection(ProjectConfigurationPlatforms) = postSolution
		{AFAEBE3E-1C37-4BEB-A4EB-AB77BEEB6AD7}.Debug|x64.ActiveCfg = Debug|x64
		{AFAEBE3E-1C37-4BEB-A4EB-AB77BEEB6AD7}.Debug|x64.Build.0 = Debug|x64
		{AFAEBE3E-1C37-4BEB-A4EB-AB77BEEB6AD7}.Debug|x86.ActiveCfg = Debug|Win32
		{AFAEBE3E-1C37-4BEB-A4EB-AB77BEEB6AD7}.Debug|x86.Build.0 = Debug|Win32
		{AFAEBE3E-1C37-4BEB-A4EB-AB77BEEB6AD7}.Release|x64.ActiveCfg = Release|x64
		{AFAEBE3E-1C37-4BEB-A4EB-AB77BEEB6AD7}.Release|x64.Build.0 = Release|x64
		{AFAEBE3E-1C37-4BEB-A4EB-AB77BEEB6AD7}.Release|x86.ActiveCfg = Release|Win32
		{AFAEBE3E-1C37-4BEB-A4EB-AB77BEEB6AD7}.Release|x86.Build.0 = Release|Win32
		{FB2970AE-3651-4C1D-843F-F1E7A2AF4B7D}.Debug|x64.ActiveCfg = Debug|x64
		{FB2970AE-3651-4C1D-843F-F1E7A2AF4B7D}.Debug|x64.Build.0 = Debug|x64
		{FB2970AE-3651-4C1D-843F-F1E7A2AF4B7D}.Debug|x86.ActiveCfg = Debug|Win32
		{FB2970AE-3651-4C1D-843F-F1E7A2AF4B7D}.Debug|x86.Build.0 = Debug|Win32
		{FB2970AE-3651-4C1D-843F-F1E7A2AF4B7D}.Release|x64.ActiveCfg = Release|x64
		{FB2970AE-3651-4C1D-843F-F1E7A2AF4B7D}.Release|x64.Build.0 = Release|x64
		{FB2970AE-3651-4C1D-843F-F1E7A2AF4B7D}.Release|x86.ActiveCfg = Release|Win32
		{FB2970AE-3651-4C1D-843F-F1E7A2AF4B7D}.Release|x86.Build.0 = Release|Win32
		{8FEEB00B-9A1D-4B21-ADA0-6F3133ED67E2}.Debug|x64.ActiveCfg = Debug|x64
		{8FEEB00B-9A1D-4B21-ADA0-6F3133ED67E2}.Debug|x64.Build.0 = Debug|x64
		{8FEEB00B-9A1D-4B21-ADA0-6F3133ED67E2}.Debug|x86.ActiveCfg = Debug|Win32
		{8FEEB00B-9A1D-4B21-ADA0-6F3133ED67E2}.Debug|x86.Build.0 = Debug|Win32
		{8FEEB00B-9A1D-4B21-ADA0-6F3133ED67E2}.Release|x64.ActiveCfg = Release|x64
		{8FEEB00B-9A1D-4B21-ADA0-6F3133ED67E2}.Release|x64.Build.0 = Release|x64
		{8FEEB00B-9A1D-4B21-ADA0-6F3133ED67E2}.Release|x86.ActiveCfg = Release|Win32
		{8FEEB00B-9A1D-4B21-ADA0-6F3133ED67E2}.Release|x86.Build.0 = Release|Win32
		{65326EFD-ADE0-48FD-9870-F883C0178EBA}.Debug|x64.ActiveCfg = Debug|x64
		{65326EFD-ADE0-48FD-9870-F883C0178EBA}.Debug|x64.Build.0 = Debug|x64
		{65326EFD-ADE0-48FD-9870-F883C0178EBA}.Debug|x86.ActiveCfg = Debug|Win32
		{65326EFD-ADE0-48FD-9870-F883C0178EBA}.Debug|x86.Build.0 = Debug|Win32
		{65326EFD-ADE0-48FD-9870-F883C0178EBA}.Release|x64.ActiveCfg = Release|x64
		{65326EFD-ADE0-48FD-9870-F883C0178EBA}.Release|x64.Build.0 = Release|x64
		{65326EFD-ADE0-48FD-9870-F883C0178EBA}.Release|x86.ActiveCfg = Release|Win32
		{65326EFD-ADE0-48FD-9870-F883C0178EBA}.Release|x86.Build.0 = Release|Win32
		{44F848E1-4C41-41C5-BC75-1D7F292E12F8}.Debug|x64.ActiveCfg = Debug|x64
		{44F848E1-4C41-41C5-BC75-1D7F292E12F8}.Debug|x64.Build.0 = Debug|x64
		{44F848E1-4C41-41C5-BC75-1D7F292E12F8}.Debug|x86.ActiveCfg = Debug|Win32
		{44F848E1-4C41-41C5-BC75-1D7F292E12F8}.Debug|x86.Build.0 = Debug|Win32
		{44F848E1-4C41-41C5-BC75-1D7F292E12F8}.Release|x64.ActiveCfg = Release|x64
		{44F848E1-4C41-41C5-BC75-1D7F292E12F8}.Release|x64.Build.0 = Release|x64
		{44F848E1-4C41-41C5-BC75-1D7F292E12F8}.Release|x86.ActiveCfg = Release|Win32
		{44F848E1-4C41-41C5-BC75-1D7F292E12F8}.Release|x86.Build.0 = Release|Win32
		{ED4E0824-7685-4306-9298-FBE1329151D1}.Debug|x64.ActiveCfg = Debug|x64
		{ED4E0824-7685-4306-9298-FBE1329151D1}.Debug|x64.Build.0 = Debug|x64
		{ED4E0824-7685-4306-9298-FBE1329151D1}.Debug|x86.ActiveCfg = Debug|Win32
		{ED4E0824-7685-4306-9298-FBE1329151D1}.Debug|x86.Build.0 = Debug|Win32
		{ED4E0824-7685-4306-9298-FBE1329151D1}.Release|x64.ActiveCfg = Release|x64
		{ED4E0824-7685-4306-9298-FBE1329151D1}.Release|x64.Build.0 = Release|x64
		{ED4E0824-7685-4306-9298-FBE1329151D1}.Release|x86.ActiveCfg = Release|Win32
		{ED4E0824-7685-4306-9298-FBE1329151D1}.Release|x86.Build.0 = Release|Win32
		{9FEA49F8-B3C6-4A2A-A043-B29F2956774E}.Debug|x64.ActiveCfg = Debug|x64
		{9FEA49F8-B3C6-4A2A-A043-B29F2956774E}.Debug|x64.Build.0 = Debug|x64
		{9FEA49F8-B3C6-4A2A-A043-B29F2956774E}.Debug|x86.ActiveCfg = Debug|Win32
		{9FEA49F8-B3C6-4A2A-A043-B29F2956774E}.Debug|x86.Build.0 = Debug|Win32
		{9FEA49F8-B3C6-4A2A-A043-B29F2956774E}.Release|x64.ActiveCfg = Release|x64
		{9FEA49F8-B3C6-4A2A-A043-B29F2956774E}.Release|x64.Build.0 = Release|x64
		{9FEA49F8-B3C6-4A2A-A043-B29F2956774E}.Release|x86.ActiveCfg = Release|Win32
		{9FEA49F8-B3C6-4A2A-A043-B29F2956774E}.Release|x86.Build.0 = Release|Win32
		{A2166C80-0C2C-4B33-B541-833439A905BE}.Debug|x64.ActiveCfg = Debug|x64
		{A2166C80-0C2C-4B33-B541-833439A905BE}.Debug|x64.Build.0 = Debug|x64
		{A2166C80-0C2C-4B33-B541-833439A905BE}.Debug|x86.ActiveCfg = Debug|Win32
		{A2166C80-0C2C-4B33-B541-833439A905BE}.Debug|x86.Build.0 = Debug|Win32
		{A2166C80-0C2C-4B33-B541-833439A905BE}.Release|x64.ActiveCfg = Release|x64
		{A2166C80-0C2C-4B33-B541-833439A905BE}.Release|x64.Build.0 = Release|x64
		{A2166C80-0C2C-4B33-B541-833439A905BE}.Release|x86.ActiveCfg = Release|Win32
		{A2166C80-0C2C-4B33-B541-833439A905BE}.Release|x86.Build.0 = Release|Win32
	EndGlobalSection
	GlobalSection(SolutionProperties) = preSolution
		HideSolutionNode = FALSE
	EndGlobalSection
	GlobalSection(ExtensibilityGlobals) = postSolution
		SolutionGuid = {C79CD004-F54B-4B6B-A60A-E13232C36B3D}
	EndGlobalSection
EndGlobal
